<?xml version="1.0" encoding="utf-8"?>
<Project ToolsVersion="4.0" xmlns="http://schemas.microsoft.com/developer/msbuild/2003">
  <ItemGroup>
    <Filter Include="Source Files">
      <UniqueIdentifier>{4FC737F1-C7A5-4376-A066-2A32D752A2FF}</UniqueIdentifier>
      <Extensions>cpp;c;cc;cxx;c++;cppm;ixx;def;odl;idl;hpj;bat;asm;asmx</Extensions>
    </Filter>
    <Filter Include="Header Files">
      <UniqueIdentifier>{93995380-89BD-4b04-88EB-625FBE52EBFB}</UniqueIdentifier>
      <Extensions>h;hh;hpp;hxx;h++;hm;inl;inc;ipp;xsd</Extensions>
    </Filter>
    <Filter Include="Resource Files">
      <UniqueIdentifier>{67DA6AB6-F800-4c08-8B7A-83BB121AAD01}</UniqueIdentifier>
      <Extensions>rc;ico;cur;bmp;dlg;rc2;rct;bin;rgs;gif;jpg;jpeg;jpe;resx;tiff;tif;png;wav;mfcribbon-ms</Extensions>
    </Filter>
    <Filter Include="Source Files\core">
      <UniqueIdentifier>{32a9819b-4bac-4570-b64a-0f163fc6ee5c}</UniqueIdentifier>
    </Filter>
    <Filter Include="Source Files\vs4">
      <UniqueIdentifier>{0a31b030-e5f9-4c76-83ab-d20636d9699f}</UniqueIdentifier>
    </Filter>
    <Filter Include="Header Files\core">
      <UniqueIdentifier>{dc034178-e264-4252-9629-f8b62be8c274}</UniqueIdentifier>
    </Filter>
    <Filter Include="Header Files\vs4">
      <UniqueIdentifier>{deffcf69-2431-4d34-a435-17c5e8d8abf9}</UniqueIdentifier>
    </Filter>
  </ItemGroup>
  <ItemGroup>
    <ClInclude Include="..\src\core\decode.hpp">
      <Filter>Header Files\core</Filter>
    </ClInclude>
    <ClInclude Include="..\src\core\gop.hpp">
      <Filter>Header Files\core</Filter>
    </ClInclude>
    <ClInclude Include="..\src\core\compat.hpp">
      <Filter>Header Files\core</Filter>
    </ClInclude>
    <ClInclude Include="..\src\core\d2v.hpp">
      <Filter>Header Files\core</Filter>
    </ClInclude>
    <ClInclude Include="..\src\vs4\directrender4.hpp">
      <Filter>Header Files\vs4</Filter>
    </ClInclude>
    <ClInclude Include="..\src\vs4\applyrff4.hpp">
      <Filter>Header Files\vs4</Filter>
    </ClInclude>
    <ClInclude Include="..\src\vs4\d2vsource4.hpp">
      <Filter>Header Files\vs4</Filter>
    </ClInclude>
  </ItemGroup>
  <ItemGroup>
    <ClCompile Include="..\src\core\decode.cpp">
      <Filter>Source Files\core</Filter>
    </ClCompile>
    <ClCompile Include="..\src\core\compat.cpp">
      <Filter>Source Files\core</Filter>
    </ClCompile>
    <ClCompile Include="..\src\core\d2v.cpp">
      <Filter>Source Files\core</Filter>
    </ClCompile>
    <ClCompile Include="..\src\vs4\directrender4.cpp">
      <Filter>Source Files\vs4</Filter>
    </ClCompile>
    <ClCompile Include="..\src\vs4\vapoursynth4.cpp">
      <Filter>Source Files\vs4</Filter>
    </ClCompile>
    <ClCompile Include="..\src\vs4\applyrff4.cpp">
      <Filter>Source Files\vs4</Filter>
    </ClCompile>
    <ClCompile Include="..\src\vs4\d2vsource4.cpp">
      <Filter>Source Files\vs4</Filter>
    </ClCompile>
  </ItemGroup>
</Project>